PODS:
  - APIncrementalStore (0.4.2):
    - Parse
  - Bolts (1.1.3)
  - Parse (1.4.2):
    - Bolts (~> 1.1.3)

DEPENDENCIES:
  - APIncrementalStore (from `https://github.com/flavionegrao/APIncrementalStore.git`)

EXTERNAL SOURCES:
  APIncrementalStore:
    :git: https://github.com/flavionegrao/APIncrementalStore.git

SPEC CHECKSUMS:
  APIncrementalStore: e9dd45eab87333c82dd8369eaeb68d92c53754ed
  Bolts: 3db0a875235e0c9042b013af13af0f00f79b102c
  Parse: fc9ceb6edbc6bb6a1a1f3c33f0db3293a6894f94

COCOAPODS: 0.34.4
